
Microsoft Visual Studio Solution File, Format Version 12.00
# Visual Studio 14
VisualStudioVersion = 14.0.25123.0
MinimumVisualStudioVersion = 10.0.40219.1
Project("{8BB2217D-0F2D-49D1-97BC-3654ED321F3B}") = "NUglify", "NUglify\NUglify.xproj", "{CA85C41A-928F-4626-9025-0FE5991C7BE8}"
EndProject
Project("{FAE04EC0-301F-11D3-BF4B-00C04F79EFBC}") = "NUglify.Tests", "NUglify.Tests\NUglify.Tests.csproj", "{5F19295A-C991-4A72-A943-846384F90EAB}"
	ProjectSection(ProjectDependencies) = postProject
		{CA85C41A-928F-4626-9025-0FE5991C7BE8} = {CA85C41A-928F-4626-9025-0FE5991C7BE8}
	EndProjectSection
EndProject
Project("{2150E333-8FDC-42A3-9474-1A3956D46DE8}") = "Build", "Build", "{061866E2-005C-4D13-A338-EA464BBEC60F}"
	ProjectSection(SolutionItems) = preProject
		..\license.txt = ..\license.txt
		..\readme.md = ..\readme.md
	EndProjectSection
EndProject
Project("{2150E333-8FDC-42A3-9474-1A3956D46DE8}") = "Solution Items", "Solution Items", "{23C6E14F-4E3F-4878-B80A-CE3616E35F4C}"
	ProjectSection(SolutionItems) = preProject
		NUglify\global.json = NUglify\global.json
	EndProjectSection
EndProject
Project("{FAE04EC0-301F-11D3-BF4B-00C04F79EFBC}") = "NUglifyApp", "NUglifyApp\NUglifyApp.csproj", "{6ED835A6-8A8A-44EC-8679-7EBBE2A0DBE4}"
	ProjectSection(ProjectDependencies) = postProject
		{CA85C41A-928F-4626-9025-0FE5991C7BE8} = {CA85C41A-928F-4626-9025-0FE5991C7BE8}
	EndProjectSection
EndProject
Project("{FAE04EC0-301F-11D3-BF4B-00C04F79EFBC}") = "NUglify.Tasks", "NUglify.Tasks\NUglify.Tasks.csproj", "{0C7BC471-4112-43CA-89AA-B7EBDB5689C1}"
	ProjectSection(ProjectDependencies) = postProject
		{CA85C41A-928F-4626-9025-0FE5991C7BE8} = {CA85C41A-928F-4626-9025-0FE5991C7BE8}
	EndProjectSection
EndProject
Global
	GlobalSection(SolutionConfigurationPlatforms) = preSolution
		Debug|Any CPU = Debug|Any CPU
		Release|Any CPU = Release|Any CPU
	EndGlobalSection
	GlobalSection(ProjectConfigurationPlatforms) = postSolution
		{CA85C41A-928F-4626-9025-0FE5991C7BE8}.Debug|Any CPU.ActiveCfg = Debug|Any CPU
		{CA85C41A-928F-4626-9025-0FE5991C7BE8}.Debug|Any CPU.Build.0 = Debug|Any CPU
		{CA85C41A-928F-4626-9025-0FE5991C7BE8}.Release|Any CPU.ActiveCfg = Release|Any CPU
		{CA85C41A-928F-4626-9025-0FE5991C7BE8}.Release|Any CPU.Build.0 = Release|Any CPU
		{5F19295A-C991-4A72-A943-846384F90EAB}.Debug|Any CPU.ActiveCfg = Debug|Any CPU
		{5F19295A-C991-4A72-A943-846384F90EAB}.Debug|Any CPU.Build.0 = Debug|Any CPU
		{5F19295A-C991-4A72-A943-846384F90EAB}.Release|Any CPU.ActiveCfg = Release|Any CPU
		{5F19295A-C991-4A72-A943-846384F90EAB}.Release|Any CPU.Build.0 = Release|Any CPU
		{6ED835A6-8A8A-44EC-8679-7EBBE2A0DBE4}.Debug|Any CPU.ActiveCfg = Debug|Any CPU
		{6ED835A6-8A8A-44EC-8679-7EBBE2A0DBE4}.Debug|Any CPU.Build.0 = Debug|Any CPU
		{6ED835A6-8A8A-44EC-8679-7EBBE2A0DBE4}.Release|Any CPU.ActiveCfg = Release|Any CPU
		{6ED835A6-8A8A-44EC-8679-7EBBE2A0DBE4}.Release|Any CPU.Build.0 = Release|Any CPU
		{0C7BC471-4112-43CA-89AA-B7EBDB5689C1}.Debug|Any CPU.ActiveCfg = Debug|Any CPU
		{0C7BC471-4112-43CA-89AA-B7EBDB5689C1}.Debug|Any CPU.Build.0 = Debug|Any CPU
		{0C7BC471-4112-43CA-89AA-B7EBDB5689C1}.Release|Any CPU.ActiveCfg = Release|Any CPU
		{0C7BC471-4112-43CA-89AA-B7EBDB5689C1}.Release|Any CPU.Build.0 = Release|Any CPU
	EndGlobalSection
	GlobalSection(SolutionProperties) = preSolution
		HideSolutionNode = FALSE
	EndGlobalSection
EndGlobal
